
Microsoft Visual Studio Solution File, Format Version 12.00
# Visual Studio Version 17
VisualStudioVersion = 17.7.34009.444
MinimumVisualStudioVersion = 10.0.40219.1
Project("{FAE04EC0-301F-11D3-BF4B-00C04F79EFBC}") = "SalesWebMvc", "SalesWebMvc\SalesWebMvc.csproj", "{774B5BF0-F7BB-426A-A6E0-DE15720A133B}"
EndProject
Global
	GlobalSection(SolutionConfigurationPlatforms) = preSolution
		Debug|Any CPU = Debug|Any CPU
		Release|Any CPU = Release|Any CPU
	EndGlobalSection
	GlobalSection(ProjectConfigurationPlatforms) = postSolution
		{774B5BF0-F7BB-426A-A6E0-DE15720A133B}.Debug|Any CPU.ActiveCfg = Debug|Any CPU
		{774B5BF0-F7BB-426A-A6E0-DE15720A133B}.Debug|Any CPU.Build.0 = Debug|Any CPU
		{774B5BF0-F7BB-426A-A6E0-DE15720A133B}.Release|Any CPU.ActiveCfg = Release|Any CPU
		{774B5BF0-F7BB-426A-A6E0-DE15720A133B}.Release|Any CPU.Build.0 = Release|Any CPU
	EndGlobalSection
	GlobalSection(SolutionProperties) = preSolution
		HideSolutionNode = FALSE
	EndGlobalSection
	GlobalSection(ExtensibilityGlobals) = postSolution
		SolutionGuid = {126A59E9-978B-487B-8458-1ACC969116D9}
	EndGlobalSection
EndGlobal
